Microsoft Visual Studio Solution File, Format Version 12.00
# Visual Studio Version 17
VisualStudioVersion = 17.5.2.0
MinimumVisualStudioVersion = 10.0.40219.1
Project("{FAE04EC0-301F-11D3-BF4B-00C04F79EFBC}") = "ParatechnikaJellemzok", "ParatechnikaJellemzok.csproj", "{179F2675-9C56-201F-49BD-6595EC56761D}"
EndProject
Global
	GlobalSection(SolutionConfigurationPlatforms) = preSolution
		Debug|Any CPU = Debug|Any CPU
		Release|Any CPU = Release|Any CPU
	EndGlobalSection
	GlobalSection(ProjectConfigurationPlatforms) = postSolution
		{179F2675-9C56-201F-49BD-6595EC56761D}.Debug|Any CPU.ActiveCfg = Debug|Any CPU
		{179F2675-9C56-201F-49BD-6595EC56761D}.Debug|Any CPU.Build.0 = Debug|Any CPU
		{179F2675-9C56-201F-49BD-6595EC56761D}.Release|Any CPU.ActiveCfg = Release|Any CPU
		{179F2675-9C56-201F-49BD-6595EC56761D}.Release|Any CPU.Build.0 = Release|Any CPU
	EndGlobalSection
	GlobalSection(SolutionProperties) = preSolution
		HideSolutionNode = FALSE
	EndGlobalSection
	GlobalSection(ExtensibilityGlobals) = postSolution
		SolutionGuid = {9BF87BEE-0E52-41E8-A4C2-4FD5CA512FD2}
	EndGlobalSection
EndGlobal
